{
    "_meta": {
        "hash": {
            "sha256": "d61b727a032c4dccb7d7b7c8114807dc1569cc4148f9b702290c43225a3240ce"
        },
        "pipfile-spec": 6,
        "requires": {
            "python_version": "3.6"
        },
        "sources": [
            {
                "name": "pypi",
                "url": "https://pypi.org/simple",
                "verify_ssl": true
            }
        ]
    },
    "default": {
        "click": {
            "hashes": [
                "sha256:cc6a19da8ebff6e7074f731447ef7e112bd23adf3de5c597cf9989f2fd8defe9",
                "sha256:fcf697e1fd4b567d817c69dab10a4035937fe6af175c05fd6806b69f74cbc6c4"
            ],
            "index": "pypi",
            "version": "==6.6"
        },
        "flask": {
            "hashes": [
                "sha256:a4f97abd30d289e548434ef42317a793f58087be1989eab96f2c647470e77000",
                "sha256:b4713f2bfb9ebc2966b8a49903ae0d3984781d5c878591cf2f7b484d28756b0e"
            ],
            "index": "pypi",
            "version": "==0.11.1"
        },
        "itsdangerous": {
            "hashes": [
                "sha256:cbb3fcf8d3e33df861709ecaf89d9e6629cff0a217bc2848f1b41cd30d360519"
            ],
            "index": "pypi",
            "version": "==0.24"
        },
        "jinja2": {
            "hashes": [
                "sha256:1cc03ef32b64be19e0a5b54578dd790906a34943fe9102cfdae0d4495bd536b4",
                "sha256:bc1ff2ff88dbfacefde4ddde471d1417d3b304e8df103a7a9437d47269201bf4"
            ],
            "index": "pypi",
            "version": "==2.8"
        },
        "markupsafe": {
            "hashes": [
                "sha256:a4ec1aff59b95a14b45eb2e23761a0179e98319da5a7eb76b56ea8cdc7b871c3"
            ],
            "index": "pypi",
            "version": "==0.23"
        },
        "werkzeug": {
            "hashes": [
                "sha256:87ae4e5b5366da2347eb3116c0e6c681a0e939a33b2805e2c0cbd282664932c4",
                "sha256:a13b74dd3c45f758d4ebdb224be8f1ab8ef58b3c0ffc1783a8c7d9f4f50227e6"
            ],
            "index": "pypi",
            "version": "==0.15.5"
        }
    },
    "develop": {}
}
